
Microsoft Visual Studio Solution File, Format Version 12.00
# Visual Studio 14
VisualStudioVersion = 14.0.23107.0
MinimumVisualStudioVersion = 10.0.40219.1
Project("{FAE04EC0-301F-11D3-BF4B-00C04F79EFBC}") = "01-SquareRoot", "01-SquareRoot\01-SquareRoot.csproj", "{E775DDD9-D842-44BE-AC43-D084CC29C302}"
EndProject
Project("{FAE04EC0-301F-11D3-BF4B-00C04F79EFBC}") = "02-EnterNums", "02-EnterNums\02-EnterNums.csproj", "{FDB400DC-6F0F-4BFD-A5FD-D0C4AFC0CE79}"
EndProject
Global
	GlobalSection(SolutionConfigurationPlatforms) = preSolution
		Debug|Any CPU = Debug|Any CPU
		Release|Any CPU = Release|Any CPU
	EndGlobalSection
	GlobalSection(ProjectConfigurationPlatforms) = postSolution
		{E775DDD9-D842-44BE-AC43-D084CC29C302}.Debug|Any CPU.ActiveCfg = Debug|Any CPU
		{E775DDD9-D842-44BE-AC43-D084CC29C302}.Debug|Any CPU.Build.0 = Debug|Any CPU
		{E775DDD9-D842-44BE-AC43-D084CC29C302}.Release|Any CPU.ActiveCfg = Release|Any CPU
		{E775DDD9-D842-44BE-AC43-D084CC29C302}.Release|Any CPU.Build.0 = Release|Any CPU
		{FDB400DC-6F0F-4BFD-A5FD-D0C4AFC0CE79}.Debug|Any CPU.ActiveCfg = Debug|Any CPU
		{FDB400DC-6F0F-4BFD-A5FD-D0C4AFC0CE79}.Debug|Any CPU.Build.0 = Debug|Any CPU
		{FDB400DC-6F0F-4BFD-A5FD-D0C4AFC0CE79}.Release|Any CPU.ActiveCfg = Release|Any CPU
		{FDB400DC-6F0F-4BFD-A5FD-D0C4AFC0CE79}.Release|Any CPU.Build.0 = Release|Any CPU
	EndGlobalSection
	GlobalSection(SolutionProperties) = preSolution
		HideSolutionNode = FALSE
	EndGlobalSection
EndGlobal
