
Microsoft Visual Studio Solution File, Format Version 12.00
# Visual Studio 14
VisualStudioVersion = 14.0.23107.0
MinimumVisualStudioVersion = 10.0.40219.1
Project("{FAE04EC0-301F-11D3-BF4B-00C04F79EFBC}") = "01-GalacticGPS", "01-GalacticGPS\01-GalacticGPS.csproj", "{DE9B4F07-2CFA-4AB5-899D-0D5211585BD3}"
EndProject
Project("{FAE04EC0-301F-11D3-BF4B-00C04F79EFBC}") = "02-FractionCalculator", "02-FractionCalculator\02-FractionCalculator.csproj", "{BFD7F948-3794-4468-8648-E4474A4147E6}"
EndProject
Project("{FAE04EC0-301F-11D3-BF4B-00C04F79EFBC}") = "03-GenericList", "03-GenericList\03-GenericList.csproj", "{A11F2F95-C4B4-4E3F-AA6C-777E9BEDA99C}"
EndProject
Global
	GlobalSection(SolutionConfigurationPlatforms) = preSolution
		Debug|Any CPU = Debug|Any CPU
		Release|Any CPU = Release|Any CPU
	EndGlobalSection
	GlobalSection(ProjectConfigurationPlatforms) = postSolution
		{DE9B4F07-2CFA-4AB5-899D-0D5211585BD3}.Debug|Any CPU.ActiveCfg = Debug|Any CPU
		{DE9B4F07-2CFA-4AB5-899D-0D5211585BD3}.Debug|Any CPU.Build.0 = Debug|Any CPU
		{DE9B4F07-2CFA-4AB5-899D-0D5211585BD3}.Release|Any CPU.ActiveCfg = Release|Any CPU
		{DE9B4F07-2CFA-4AB5-899D-0D5211585BD3}.Release|Any CPU.Build.0 = Release|Any CPU
		{BFD7F948-3794-4468-8648-E4474A4147E6}.Debug|Any CPU.ActiveCfg = Debug|Any CPU
		{BFD7F948-3794-4468-8648-E4474A4147E6}.Debug|Any CPU.Build.0 = Debug|Any CPU
		{BFD7F948-3794-4468-8648-E4474A4147E6}.Release|Any CPU.ActiveCfg = Release|Any CPU
		{BFD7F948-3794-4468-8648-E4474A4147E6}.Release|Any CPU.Build.0 = Release|Any CPU
		{A11F2F95-C4B4-4E3F-AA6C-777E9BEDA99C}.Debug|Any CPU.ActiveCfg = Debug|Any CPU
		{A11F2F95-C4B4-4E3F-AA6C-777E9BEDA99C}.Debug|Any CPU.Build.0 = Debug|Any CPU
		{A11F2F95-C4B4-4E3F-AA6C-777E9BEDA99C}.Release|Any CPU.ActiveCfg = Release|Any CPU
		{A11F2F95-C4B4-4E3F-AA6C-777E9BEDA99C}.Release|Any CPU.Build.0 = Release|Any CPU
	EndGlobalSection
	GlobalSection(SolutionProperties) = preSolution
		HideSolutionNode = FALSE
	EndGlobalSection
EndGlobal
